<?xml version="1.0" encoding="utf-8"?>
<Project ToolsVersion="4.0" xmlns="http://schemas.microsoft.com/developer/msbuild/2003">
  <ItemGroup>
    <Filter Include="include">
      <UniqueIdentifier>{6af0cfb9-06d3-426c-987b-994dcd4cccb2}</UniqueIdentifier>
    </Filter>
    <Filter Include="src">
      <UniqueIdentifier>{2d3211d3-c95e-4b1f-8a34-17d2f36dfe32}</UniqueIdentifier>
    </Filter>
  </ItemGroup>
  <ItemGroup>
    <ClInclude Include="..\include\libxstream_begin.h">
      <Filter>include</Filter>
    </ClInclude>
    <ClInclude Include="..\include\libxstream_config.h">
      <Filter>include</Filter>
    </ClInclude>
    <ClInclude Include="..\include\libxstream_end.h">
      <Filter>include</Filter>
    </ClInclude>
    <ClInclude Include="..\include\libxstream_macros.h">
      <Filter>include</Filter>
    </ClInclude>
    <ClInclude Include="..\include\libxstream.h">
      <Filter>include</Filter>
    </ClInclude>
    <ClInclude Include="..\src\libxstream.hpp">
      <Filter>src</Filter>
    </ClInclude>
    <ClInclude Include="..\src\libxstream_event.hpp">
      <Filter>src</Filter>
    </ClInclude>
    <ClInclude Include="..\src\libxstream_stream.hpp">
      <Filter>src</Filter>
    </ClInclude>
    <ClInclude Include="..\src\libxstream_argument.hpp">
      <Filter>src</Filter>
    </ClInclude>
    <ClInclude Include="..\src\libxstream_alloc.hpp">
      <Filter>src</Filter>
    </ClInclude>
    <ClInclude Include="..\src\libxstream_offload.hpp">
      <Filter>src</Filter>
    </ClInclude>
    <ClInclude Include="..\src\libxstream_context.hpp">
      <Filter>src</Filter>
    </ClInclude>
    <ClInclude Include="..\src\libxstream_workitem.hpp">
      <Filter>src</Filter>
    </ClInclude>
    <ClInclude Include="..\src\libxstream_workqueue.hpp">
      <Filter>src</Filter>
    </ClInclude>
  </ItemGroup>
  <ItemGroup>
    <ClCompile Include="..\src\libxstream.cpp">
      <Filter>src</Filter>
    </ClCompile>
    <ClCompile Include="..\src\libxstream_event.cpp">
      <Filter>src</Filter>
    </ClCompile>
    <ClCompile Include="..\src\libxstream_stream.cpp">
      <Filter>src</Filter>
    </ClCompile>
    <ClCompile Include="..\src\libxstream_argument.cpp">
      <Filter>src</Filter>
    </ClCompile>
    <ClCompile Include="..\src\libxstream_alloc.cpp">
      <Filter>src</Filter>
    </ClCompile>
    <ClCompile Include="..\src\libxstream_offload.cpp">
      <Filter>src</Filter>
    </ClCompile>
    <ClCompile Include="..\src\libxstream_context.cpp">
      <Filter>src</Filter>
    </ClCompile>
    <ClCompile Include="..\src\libxstream_workitem.cpp">
      <Filter>src</Filter>
    </ClCompile>
    <ClCompile Include="..\src\libxstream_workqueue.cpp">
      <Filter>src</Filter>
    </ClCompile>
  </ItemGroup>
</Project>